name: Update Conda Lockfiles

on:
  schedule:
    - cron: '0 2 * * 1'
  workflow_dispatch:

jobs:
  update-locks:
    runs-on: ubuntu-latest
    outputs:
      pr-number: ${{ steps.create-pr.outputs.pull-request-number }}

    steps:
      - name: Checkout code
        uses: actions/checkout@v4
        with:
          fetch-depth: 0

      - name: Set up micromamba
        uses: mamba-org/setup-micromamba@v2
        with:
          environment-name: lockenv
          create-args: >-
            python=3.11
          init-shell: bash
          cache-downloads: true

      - name: Install conda-lock
        shell: bash -l {0}
        run: micromamba install -c conda-forge conda-lock --yes

      - name: Rebuild all lock files
        shell: bash -l {0}
        run: |
          for envfile in $(find envs -name '*.yml'); do
            echo "Locking $envfile"
            envname=$(basename "$envfile" .yml)
            outdir=$(dirname "$envfile")
            outfile="$outdir/${envname}.linux-64.pin.txt"
            conda-lock lock -f "$envfile" --kind explicit --micromamba --platform linux-64 --filename-template conda-lock-{platform}.txt
            mv conda-lock-linux-64.txt "$outfile"
          done

      - name: Create Pull Request
        id: create-pr
        uses: peter-evans/create-pull-request@v6
        with:
          branch: update/conda-lock
          commit-message: Update conda lockfiles [automated]
          title: "Update Conda lockfiles"
          body: |
            This PR updates all `conda-lock` files.
            - Automated weekly by GitHub Actions
            - A test report will be posted in a comment once the tests run
            - To trigger test reruns, checkout this branch, make a commit, and push it (`git commit --allow-empty -m "Trigger tests"`)
          author: GitHub <noreply@github.com>
          labels: |
            automated
            dependencies

  run-tests:
    needs: update-locks
    if: ${{ needs.update-locks.outputs.pr-number != '' }}
    uses: ./.github/workflows/tests.yml
    secrets: inherit

  comment-test-results:
    needs: [update-locks, run-tests]
    if: ${{ always() && needs.update-locks.outputs.pr-number != '' }}
    runs-on: ubuntu-latest
    steps:
      - name: Generate test summary
        run: |
          if ${{ needs.run-tests.result == 'success' }}; then
            icon="✅"
          else
            icon="❌"
          fi
          
          echo "### ${icon} Test Results for PR #${{ needs.update-locks.outputs.pr-number }}" >> comment.md
          echo "- Workflow: \`tests.yml\`" >> comment.md
          echo "- Status: ${{ needs.run-tests.result }}" >> comment.md
          echo "- Run: [View Run](https://github.com/${{ github.repository }}/actions/runs/${{ github.run_id }})" >> comment.md

      - name: Comment on PR
        uses: peter-evans/create-or-update-comment@v4
        with:
          issue-number: ${{ needs.update-locks.outputs.pr-number }}
          body-file: comment.md
